
Microsoft Visual Studio Solution File, Format Version 12.00
# Visual Studio Version 17
VisualStudioVersion = 17.4.33213.308
MinimumVisualStudioVersion = 10.0.40219.1
Project("{FAE04EC0-301F-11D3-BF4B-00C04F79EFBC}") = "CreateDB", "CreateDB\CreateDB.csproj", "{24A0DFD6-8616-4A53-85CF-FB0CF7005B63}"
EndProject
Global
	GlobalSection(SolutionConfigurationPlatforms) = preSolution
		Debug|Any CPU = Debug|Any CPU
		Release|Any CPU = Release|Any CPU
	EndGlobalSection
	GlobalSection(ProjectConfigurationPlatforms) = postSolution
		{24A0DFD6-8616-4A53-85CF-FB0CF7005B63}.Debug|Any CPU.ActiveCfg = Debug|Any CPU
		{24A0DFD6-8616-4A53-85CF-FB0CF7005B63}.Debug|Any CPU.Build.0 = Debug|Any CPU
		{24A0DFD6-8616-4A53-85CF-FB0CF7005B63}.Release|Any CPU.ActiveCfg = Release|Any CPU
		{24A0DFD6-8616-4A53-85CF-FB0CF7005B63}.Release|Any CPU.Build.0 = Release|Any CPU
	EndGlobalSection
	GlobalSection(SolutionProperties) = preSolution
		HideSolutionNode = FALSE
	EndGlobalSection
	GlobalSection(ExtensibilityGlobals) = postSolution
		SolutionGuid = {97FFFE4D-89CF-45F4-89B5-C8C84B368101}
	EndGlobalSection
EndGlobal
