
Microsoft Visual Studio Solution File, Format Version 12.00
# Visual Studio Version 17
VisualStudioVersion = 17.4.33213.308
MinimumVisualStudioVersion = 10.0.40219.1
Project("{FAE04EC0-301F-11D3-BF4B-00C04F79EFBC}") = "StoreData", "StoreData\StoreData.csproj", "{6119E280-15CA-4AD7-A2B1-12354790EC93}"
EndProject
Global
	GlobalSection(SolutionConfigurationPlatforms) = preSolution
		Debug|Any CPU = Debug|Any CPU
		Release|Any CPU = Release|Any CPU
	EndGlobalSection
	GlobalSection(ProjectConfigurationPlatforms) = postSolution
		{6119E280-15CA-4AD7-A2B1-12354790EC93}.Debug|Any CPU.ActiveCfg = Debug|Any CPU
		{6119E280-15CA-4AD7-A2B1-12354790EC93}.Debug|Any CPU.Build.0 = Debug|Any CPU
		{6119E280-15CA-4AD7-A2B1-12354790EC93}.Release|Any CPU.ActiveCfg = Release|Any CPU
		{6119E280-15CA-4AD7-A2B1-12354790EC93}.Release|Any CPU.Build.0 = Release|Any CPU
	EndGlobalSection
	GlobalSection(SolutionProperties) = preSolution
		HideSolutionNode = FALSE
	EndGlobalSection
	GlobalSection(ExtensibilityGlobals) = postSolution
		SolutionGuid = {D0281258-3593-4527-8551-BF3495EF0A5F}
	EndGlobalSection
EndGlobal
