
Microsoft Visual Studio Solution File, Format Version 12.00
# Visual Studio Version 17
VisualStudioVersion = 17.4.33213.308
MinimumVisualStudioVersion = 10.0.40219.1
Project("{FAE04EC0-301F-11D3-BF4B-00C04F79EFBC}") = "Query2", "Query2\Query2.csproj", "{8E3A45A7-5703-4F52-8218-66EB4D07BDA9}"
EndProject
Global
	GlobalSection(SolutionConfigurationPlatforms) = preSolution
		Debug|Any CPU = Debug|Any CPU
		Release|Any CPU = Release|Any CPU
	EndGlobalSection
	GlobalSection(ProjectConfigurationPlatforms) = postSolution
		{8E3A45A7-5703-4F52-8218-66EB4D07BDA9}.Debug|Any CPU.ActiveCfg = Debug|Any CPU
		{8E3A45A7-5703-4F52-8218-66EB4D07BDA9}.Debug|Any CPU.Build.0 = Debug|Any CPU
		{8E3A45A7-5703-4F52-8218-66EB4D07BDA9}.Release|Any CPU.ActiveCfg = Release|Any CPU
		{8E3A45A7-5703-4F52-8218-66EB4D07BDA9}.Release|Any CPU.Build.0 = Release|Any CPU
	EndGlobalSection
	GlobalSection(SolutionProperties) = preSolution
		HideSolutionNode = FALSE
	EndGlobalSection
	GlobalSection(ExtensibilityGlobals) = postSolution
		SolutionGuid = {3669B8D5-787D-4225-9BCF-363D90BB5385}
	EndGlobalSection
EndGlobal
